
Microsoft Visual Studio Solution File, Format Version 12.00
# Visual Studio Version 16
VisualStudioVersion = 16.0.30503.244
MinimumVisualStudioVersion = 10.0.40219.1
Project("{2150E333-8FDC-42A3-9474-1A3956D46DE8}") = "Solution Items", "Solution Items", "{F5F02906-A759-4672-82B9-6F3484857583}"
	ProjectSection(SolutionItems) = preProject
		index.html = index.html
	EndProjectSection
EndProject
Project("{2150E333-8FDC-42A3-9474-1A3956D46DE8}") = "css", "css", "{E6CECA06-13E9-4E74-9442-01C4700392CE}"
	ProjectSection(SolutionItems) = preProject
		css\style.css = css\style.css
	EndProjectSection
EndProject
Global
	GlobalSection(SolutionProperties) = preSolution
		HideSolutionNode = FALSE
	EndGlobalSection
	GlobalSection(NestedProjects) = preSolution
		{E6CECA06-13E9-4E74-9442-01C4700392CE} = {F5F02906-A759-4672-82B9-6F3484857583}
	EndGlobalSection
	GlobalSection(ExtensibilityGlobals) = postSolution
		SolutionGuid = {002EC3CD-FDCC-442F-B132-FF8C920C63B8}
	EndGlobalSection
EndGlobal
